
Microsoft Visual Studio Solution File, Format Version 12.00
# Visual Studio Version 17
VisualStudioVersion = 17.4.33213.308
MinimumVisualStudioVersion = 10.0.40219.1
Project("{FAE04EC0-301F-11D3-BF4B-00C04F79EFBC}") = "AzureADDemo", "AzureADDemo\AzureADDemo.csproj", "{D54441DF-3E31-4F69-90E7-8A685F8DE228}"
EndProject
Global
	GlobalSection(SolutionConfigurationPlatforms) = preSolution
		Debug|Any CPU = Debug|Any CPU
		Release|Any CPU = Release|Any CPU
	EndGlobalSection
	GlobalSection(ProjectConfigurationPlatforms) = postSolution
		{D54441DF-3E31-4F69-90E7-8A685F8DE228}.Debug|Any CPU.ActiveCfg = Debug|Any CPU
		{D54441DF-3E31-4F69-90E7-8A685F8DE228}.Debug|Any CPU.Build.0 = Debug|Any CPU
		{D54441DF-3E31-4F69-90E7-8A685F8DE228}.Release|Any CPU.ActiveCfg = Release|Any CPU
		{D54441DF-3E31-4F69-90E7-8A685F8DE228}.Release|Any CPU.Build.0 = Release|Any CPU
	EndGlobalSection
	GlobalSection(SolutionProperties) = preSolution
		HideSolutionNode = FALSE
	EndGlobalSection
	GlobalSection(ExtensibilityGlobals) = postSolution
		SolutionGuid = {287EF22E-7EB8-4E24-A3B3-2EBE99CD4DC8}
	EndGlobalSection
EndGlobal
